{
  "name": "EduMarket-TMU",
  "lockfileVersion": 3,
  "requires": true,
  "packages": {
    "": {
      "dependencies": {
        "react-input-emoji": "^5.8.0",
        "timeago.js": "^4.0.2"
      }
    },
    "node_modules/@emoji-mart/data": {
      "version": "1.1.2",
      "resolved": "https://registry.npmjs.org/@emoji-mart/data/-/data-1.1.2.tgz",
      "integrity": "sha512-1HP8BxD2azjqWJvxIaWAMyTySeZY0Osr83ukYjltPVkNXeJvTz7yDrPLBtnrD5uqJ3tg4CcLuuBW09wahqL/fg=="
    },
    "node_modules/@emoji-mart/react": {
      "version": "1.1.1",
      "resolved": "https://registry.npmjs.org/@emoji-mart/react/-/react-1.1.1.tgz",
      "integrity": "sha512-NMlFNeWgv1//uPsvLxvGQoIerPuVdXwK/EUek8OOkJ6wVOWPUizRBJU0hDqWZCOROVpfBgCemaC3m6jDOXi03g==",
      "peerDependencies": {
        "emoji-mart": "^5.2",
        "react": "^16.8 || ^17 || ^18"
      }
    },
    "node_modules/emoji-mart": {
      "version": "5.5.2",
      "resolved": "https://registry.npmjs.org/emoji-mart/-/emoji-mart-5.5.2.tgz",
      "integrity": "sha512-Sqc/nso4cjxhOwWJsp9xkVm8OF5c+mJLZJFoFfzRuKO+yWiN7K8c96xmtughYb0d/fZ8UC6cLIQ/p4BR6Pv3/A=="
    },
    "node_modules/js-tokens": {
      "version": "4.0.0",
      "resolved": "https://registry.npmjs.org/js-tokens/-/js-tokens-4.0.0.tgz",
      "integrity": "sha512-RdJUflcE3cUzKiMqQgsCu06FPu9UdIJO0beYbPhHN4k6apgJtifcoCtT9bcxOpYBtpD2kCM6Sbzg4CausW/PKQ==",
      "peer": true
    },
    "node_modules/loose-envify": {
      "version": "1.4.0",
      "resolved": "https://registry.npmjs.org/loose-envify/-/loose-envify-1.4.0.tgz",
      "integrity": "sha512-lyuxPGr/Wfhrlem2CL/UcnUc1zcqKAImBDzukY7Y5F/yQiNdko6+fRLevlw1HgMySw7f611UIY408EtxRSoK3Q==",
      "peer": true,
      "dependencies": {
        "js-tokens": "^3.0.0 || ^4.0.0"
      },
      "bin": {
        "loose-envify": "cli.js"
      }
    },
    "node_modules/react": {
      "version": "18.2.0",
      "resolved": "https://registry.npmjs.org/react/-/react-18.2.0.tgz",
      "integrity": "sha512-/3IjMdb2L9QbBdWiW5e3P2/npwMBaU9mHCSCUzNln0ZCYbcfTsGbTJrU/kGemdH2IWmB2ioZ+zkxtmq6g09fGQ==",
      "peer": true,
      "dependencies": {
        "loose-envify": "^1.1.0"
      },
      "engines": {
        "node": ">=0.10.0"
      }
    },
    "node_modules/react-dom": {
      "version": "18.2.0",
      "resolved": "https://registry.npmjs.org/react-dom/-/react-dom-18.2.0.tgz",
      "integrity": "sha512-6IMTriUmvsjHUjNtEDudZfuDQUoWXVxKHhlEGSk81n4YFS+r/Kl99wXiwlVXtPBtJenozv2P+hxDsw9eA7Xo6g==",
      "peer": true,
      "dependencies": {
        "loose-envify": "^1.1.0",
        "scheduler": "^0.23.0"
      },
      "peerDependencies": {
        "react": "^18.2.0"
      }
    },
    "node_modules/react-easy-emoji": {
      "version": "1.8.1",
      "resolved": "https://registry.npmjs.org/react-easy-emoji/-/react-easy-emoji-1.8.1.tgz",
      "integrity": "sha512-wAf2x+cjwtOlLfXnjc0J3k5B2PDZdoxd1BjtfKr5tq2AL7t2ygvByJQWgFOyN28xg3qe8EKBM6pKxGP+qrGWuQ==",
      "dependencies": {
        "string-replace-to-array": "^2.1.0"
      },
      "peerDependencies": {
        "@types/react": ">=0.14.0",
        "react": ">=0.14.27"
      },
      "peerDependenciesMeta": {
        "@types/react": {
          "optional": true
        }
      }
    },
    "node_modules/react-input-emoji": {
      "version": "5.8.0",
      "resolved": "https://registry.npmjs.org/react-input-emoji/-/react-input-emoji-5.8.0.tgz",
      "integrity": "sha512-cXcddkU/nhRXhJcvlxADx1BLPH/zMtN9tshCTMs0wImMg27DFPV2nTQT5xInCfREhfen6TYtUSAHyi8BaJQijg==",
      "dependencies": {
        "@emoji-mart/data": "1.1.2",
        "@emoji-mart/react": "1.1.1",
        "emoji-mart": "5.5.2",
        "react-easy-emoji": "^1.8.1"
      },
      "engines": {
        "node": ">=8",
        "npm": ">=5"
      },
      "peerDependencies": {
        "react": ">=17.0.x",
        "react-dom": ">=17.0.x"
      }
    },
    "node_modules/scheduler": {
      "version": "0.23.0",
      "resolved": "https://registry.npmjs.org/scheduler/-/scheduler-0.23.0.tgz",
      "integrity": "sha512-CtuThmgHNg7zIZWAXi3AsyIzA3n4xx7aNyjwC2VJldO2LMVDhFK+63xGqq6CsJH4rTAt6/M+N4GhZiDYPx9eUw==",
      "peer": true,
      "dependencies": {
        "loose-envify": "^1.1.0"
      }
    },
    "node_modules/string-replace-to-array": {
      "version": "2.1.0",
      "resolved": "https://registry.npmjs.org/string-replace-to-array/-/string-replace-to-array-2.1.0.tgz",
      "integrity": "sha512-xG2w4fE5FsTXS4AFxoF3uctByqTIFBX8lFRNcPcIznTVCMXbYvbatkPVLpAo13tfuWtzbWEV6u5bjoE9bOv87w=="
    },
    "node_modules/timeago.js": {
      "version": "4.0.2",
      "resolved": "https://registry.npmjs.org/timeago.js/-/timeago.js-4.0.2.tgz",
      "integrity": "sha512-a7wPxPdVlQL7lqvitHGGRsofhdwtkoSXPGATFuSOA2i1ZNQEPLrGnj68vOp2sOJTCFAQVXPeNMX/GctBaO9L2w=="
    }
  }
}
